// !$*UTF8*$!
{
	archiveVersion = 1;
	classes = {
	};
	objectVersion = 56;
	objects = {

/* Begin PBXBuildFile section */
		580AAC952BA566F700672050 /* AppDelegate.swift in Sources */ = {isa = PBXBuildFile; fileRef = 580AAC942BA566F700672050 /* AppDelegate.swift */; };
		580AAC972BA566F700672050 /* SceneDelegate.swift in Sources */ = {isa = PBXBuildFile; fileRef = 580AAC962BA566F700672050 /* SceneDelegate.swift */; };
		580AAC9E2BA566F900672050 /* Assets.xcassets in Resources */ = {isa = PBXBuildFile; fileRef = 580AAC9D2BA566F900672050 /* Assets.xcassets */; };
		580AACAC2BA566F900672050 /* CenAppTests.swift in Sources */ = {isa = PBXBuildFile; fileRef = 580AACAB2BA566F900672050 /* CenAppTests.swift */; };
		580AACB62BA566F900672050 /* CenAppUITests.swift in Sources */ = {isa = PBXBuildFile; fileRef = 580AACB52BA566F900672050 /* CenAppUITests.swift */; };
		580AACB82BA566F900672050 /* CenAppUITestsLaunchTests.swift in Sources */ = {isa = PBXBuildFile; fileRef = 580AACB72BA566F900672050 /* CenAppUITestsLaunchTests.swift */; };
		580AACC62BA5818700672050 /* SnapKit in Frameworks */ = {isa = PBXBuildFile; productRef = 580AACC52BA5818700672050 /* SnapKit */; };
		580AACC92BA581F400672050 /* Then in Frameworks */ = {isa = PBXBuildFile; productRef = 580AACC82BA581F400672050 /* Then */; };
		580AACCC2BA5828D00672050 /* Alamofire in Frameworks */ = {isa = PBXBuildFile; productRef = 580AACCB2BA5828D00672050 /* Alamofire */; };
		580AACCF2BA582CE00672050 /* SwiftKeychainWrapper in Frameworks */ = {isa = PBXBuildFile; productRef = 580AACCE2BA582CE00672050 /* SwiftKeychainWrapper */; };
		580AACD22BA582FF00672050 /* Kingfisher in Frameworks */ = {isa = PBXBuildFile; productRef = 580AACD12BA582FF00672050 /* Kingfisher */; };
		580AACD42BA583D200672050 /* Color.xcassets in Resources */ = {isa = PBXBuildFile; fileRef = 580AACD32BA583D200672050 /* Color.xcassets */; };
		580AACD62BA5845100672050 /* Color + Extension.swift in Sources */ = {isa = PBXBuildFile; fileRef = 580AACD52BA5845100672050 /* Color + Extension.swift */; };
		580AAD2A2BA8280600672050 /* iOSDropDown in Frameworks */ = {isa = PBXBuildFile; productRef = 580AAD292BA8280600672050 /* iOSDropDown */; };
		588A83F72BA9E7FF006B8CFF /* LaunchScreen.storyboard in Resources */ = {isa = PBXBuildFile; fileRef = 588A83F62BA9E7FF006B8CFF /* LaunchScreen.storyboard */; };
		58FE16E12BA9B5CD00FA3363 /* AnnoucementFooterCell.swift in Sources */ = {isa = PBXBuildFile; fileRef = 58FE16C12BA9B5CD00FA3363 /* AnnoucementFooterCell.swift */; };
		58FE16E22BA9B5CD00FA3363 /* AnnoucementHeaderCell.swift in Sources */ = {isa = PBXBuildFile; fileRef = 58FE16C32BA9B5CD00FA3363 /* AnnoucementHeaderCell.swift */; };
		58FE16E32BA9B5CD00FA3363 /* AnnoucementMiddleCell.swift in Sources */ = {isa = PBXBuildFile; fileRef = 58FE16C52BA9B5CD00FA3363 /* AnnoucementMiddleCell.swift */; };
		58FE16E42BA9B5CD00FA3363 /* AnnoucementDetailViewController.swift in Sources */ = {isa = PBXBuildFile; fileRef = 58FE16C72BA9B5CD00FA3363 /* AnnoucementDetailViewController.swift */; };
		58FE16E52BA9B5CD00FA3363 /* AnnoucementTableViewCell.swift in Sources */ = {isa = PBXBuildFile; fileRef = 58FE16C92BA9B5CD00FA3363 /* AnnoucementTableViewCell.swift */; };
		58FE16E62BA9B5CD00FA3363 /* AnnoucementViewController.swift in Sources */ = {isa = PBXBuildFile; fileRef = 58FE16CA2BA9B5CD00FA3363 /* AnnoucementViewController.swift */; };
		58FE16E82BA9B5CD00FA3363 /* DocumentTableViewCell.swift in Sources */ = {isa = PBXBuildFile; fileRef = 58FE16CE2BA9B5CD00FA3363 /* DocumentTableViewCell.swift */; };
		58FE16E92BA9B5CD00FA3363 /* DocumentViewController.swift in Sources */ = {isa = PBXBuildFile; fileRef = 58FE16CF2BA9B5CD00FA3363 /* DocumentViewController.swift */; };
		58FE16EA2BA9B5CD00FA3363 /* BottomTableViewCell.swift in Sources */ = {isa = PBXBuildFile; fileRef = 58FE16D12BA9B5CD00FA3363 /* BottomTableViewCell.swift */; };
		58FE16EB2BA9B5CD00FA3363 /* MiddleTableViewCell.swift in Sources */ = {isa = PBXBuildFile; fileRef = 58FE16D22BA9B5CD00FA3363 /* MiddleTableViewCell.swift */; };
		58FE16EC2BA9B5CD00FA3363 /* HomeFooterCell.swift in Sources */ = {isa = PBXBuildFile; fileRef = 58FE16D42BA9B5CD00FA3363 /* HomeFooterCell.swift */; };
		58FE16ED2BA9B5CD00FA3363 /* HomeHeaderCell.swift in Sources */ = {isa = PBXBuildFile; fileRef = 58FE16D62BA9B5CD00FA3363 /* HomeHeaderCell.swift */; };
		58FE16EE2BA9B5CD00FA3363 /* HomeMiddleCell.swift in Sources */ = {isa = PBXBuildFile; fileRef = 58FE16D82BA9B5CD00FA3363 /* HomeMiddleCell.swift */; };
		58FE16EF2BA9B5CD00FA3363 /* HomeViewController.swift in Sources */ = {isa = PBXBuildFile; fileRef = 58FE16DA2BA9B5CD00FA3363 /* HomeViewController.swift */; };
		58FE16F02BA9B5CD00FA3363 /* LoginViewController.swift in Sources */ = {isa = PBXBuildFile; fileRef = 58FE16DC2BA9B5CD00FA3363 /* LoginViewController.swift */; };
		58FE16F12BA9B5CD00FA3363 /* SignupViewController.swift in Sources */ = {isa = PBXBuildFile; fileRef = 58FE16DD2BA9B5CD00FA3363 /* SignupViewController.swift */; };
		58FE16F22BA9B5CD00FA3363 /* StartOnboardingViewController.swift in Sources */ = {isa = PBXBuildFile; fileRef = 58FE16DE2BA9B5CD00FA3363 /* StartOnboardingViewController.swift */; };
		58FE16FA2BA9B5DF00FA3363 /* LoginModel.swift in Sources */ = {isa = PBXBuildFile; fileRef = 58FE16F32BA9B5DF00FA3363 /* LoginModel.swift */; };
		58FE16FB2BA9B5DF00FA3363 /* LoginServiceModel.swift in Sources */ = {isa = PBXBuildFile; fileRef = 58FE16F42BA9B5DF00FA3363 /* LoginServiceModel.swift */; };
		58FE16FC2BA9B5DF00FA3363 /* SignupModel.swift in Sources */ = {isa = PBXBuildFile; fileRef = 58FE16F62BA9B5DF00FA3363 /* SignupModel.swift */; };
		58FE16FD2BA9B5DF00FA3363 /* SignupServiceModel.swift in Sources */ = {isa = PBXBuildFile; fileRef = 58FE16F72BA9B5DF00FA3363 /* SignupServiceModel.swift */; };
		58FE17052BA9B5ED00FA3363 /* ExpressionService.swift in Sources */ = {isa = PBXBuildFile; fileRef = 58FE16FE2BA9B5ED00FA3363 /* ExpressionService.swift */; };
		58FE17062BA9B5ED00FA3363 /* LoginService.swift in Sources */ = {isa = PBXBuildFile; fileRef = 58FE17002BA9B5ED00FA3363 /* LoginService.swift */; };
		58FE17072BA9B5ED00FA3363 /* SignupService.swift in Sources */ = {isa = PBXBuildFile; fileRef = 58FE17022BA9B5ED00FA3363 /* SignupService.swift */; };
		58FE17092BA9B61F00FA3363 /* TableView + Extension.swift in Sources */ = {isa = PBXBuildFile; fileRef = 58FE17082BA9B61F00FA3363 /* TableView + Extension.swift */; };
		58FE170C2BA9D63A00FA3363 /* TabViewController.swift in Sources */ = {isa = PBXBuildFile; fileRef = 58FE170B2BA9D63A00FA3363 /* TabViewController.swift */; };
		E409E1912BAAB24D0013D913 /* DGCharts in Frameworks */ = {isa = PBXBuildFile; productRef = E409E1902BAAB24D0013D913 /* DGCharts */; };
		E409E1972BAAC3DB0013D913 /* SCLAlertView in Frameworks */ = {isa = PBXBuildFile; productRef = E409E1962BAAC3DB0013D913 /* SCLAlertView */; };
		E409E19D2BAAEEC90013D913 /* BottomSheetViewController.swift in Sources */ = {isa = PBXBuildFile; fileRef = E409E19C2BAAEEC90013D913 /* BottomSheetViewController.swift */; };
		E409E1A32BAB34060013D913 /* AnnoucementService.swift in Sources */ = {isa = PBXBuildFile; fileRef = E409E1A22BAB34060013D913 /* AnnoucementService.swift */; };
		E409E1A62BAB351F0013D913 /* ScholarshipDayModel.swift in Sources */ = {isa = PBXBuildFile; fileRef = E409E1A52BAB351F0013D913 /* ScholarshipDayModel.swift */; };
		E409E1AA2BAB41B40013D913 /* Int + Extension.swift in Sources */ = {isa = PBXBuildFile; fileRef = E409E1A92BAB41B40013D913 /* Int + Extension.swift */; };
		E409E1AD2BAB52CB0013D913 /* DocumentService.swift in Sources */ = {isa = PBXBuildFile; fileRef = E409E1AC2BAB52CB0013D913 /* DocumentService.swift */; };
		E409E1B02BAB53010013D913 /* DocumentServiceModel.swift in Sources */ = {isa = PBXBuildFile; fileRef = E409E1AF2BAB53010013D913 /* DocumentServiceModel.swift */; };
		E409E1B52BABFD780013D913 /* LoginCheckService.swift in Sources */ = {isa = PBXBuildFile; fileRef = E409E1B42BABFD780013D913 /* LoginCheckService.swift */; };
		E409E1B92BABFDDB0013D913 /* LoginCheckModel.swift in Sources */ = {isa = PBXBuildFile; fileRef = E409E1B82BABFDDB0013D913 /* LoginCheckModel.swift */; };
		E409E1BD2BAC038E0013D913 /* LogoutService.swift in Sources */ = {isa = PBXBuildFile; fileRef = E409E1BC2BAC038E0013D913 /* LogoutService.swift */; };
		E409E1C22BAC0DE50013D913 /* FindpwViewController.swift in Sources */ = {isa = PBXBuildFile; fileRef = E409E1C12BAC0DE50013D913 /* FindpwViewController.swift */; };
		E409E1CE2BACA7930013D913 /* mainCoin.gif in Resources */ = {isa = PBXBuildFile; fileRef = E409E1CD2BACA7930013D913 /* mainCoin.gif */; };
		E409E1D12BACAAF40013D913 /* FindpwService.swift in Sources */ = {isa = PBXBuildFile; fileRef = E409E1D02BACAAF40013D913 /* FindpwService.swift */; };
		E409E1D42BACAC1C0013D913 /* FindpwModel.swift in Sources */ = {isa = PBXBuildFile; fileRef = E409E1D32BACAC1C0013D913 /* FindpwModel.swift */; };
		E409E1D62BACAC3D0013D913 /* FindpwServiceModel.swift in Sources */ = {isa = PBXBuildFile; fileRef = E409E1D52BACAC3D0013D913 /* FindpwServiceModel.swift */; };
		E409E1D82BAD7A0B0013D913 /* AmountService.swift in Sources */ = {isa = PBXBuildFile; fileRef = E409E1D72BAD7A0B0013D913 /* AmountService.swift */; };
		E409E1DA2BAD7A810013D913 /* AmountServiceModel.swift in Sources */ = {isa = PBXBuildFile; fileRef = E409E1D92BAD7A810013D913 /* AmountServiceModel.swift */; };
		E409E1DD2BAE7ED00013D913 /* HashtagService.swift in Sources */ = {isa = PBXBuildFile; fileRef = E409E1DC2BAE7ED00013D913 /* HashtagService.swift */; };
		E409E1E02BAE7F690013D913 /* HashtagServiceModel.swift in Sources */ = {isa = PBXBuildFile; fileRef = E409E1DF2BAE7F690013D913 /* HashtagServiceModel.swift */; };
		E409E1E22BAEA60A0013D913 /* confetti4.gif in Resources */ = {isa = PBXBuildFile; fileRef = E409E1E12BAEA60A0013D913 /* confetti4.gif */; };
		E409E1F22BAEAE920013D913 /* FinishViewController.swift in Sources */ = {isa = PBXBuildFile; fileRef = E409E1EB2BAEAE920013D913 /* FinishViewController.swift */; };
		E409E1F32BAEAE920013D913 /* MajorViewController.swift in Sources */ = {isa = PBXBuildFile; fileRef = E409E1ED2BAEAE920013D913 /* MajorViewController.swift */; };
		E409E1F42BAEAE920013D913 /* LocationViewController.swift in Sources */ = {isa = PBXBuildFile; fileRef = E409E1EE2BAEAE920013D913 /* LocationViewController.swift */; };
		E409E1F52BAEAE920013D913 /* AcademicYearViewController.swift in Sources */ = {isa = PBXBuildFile; fileRef = E409E1EF2BAEAE920013D913 /* AcademicYearViewController.swift */; };
		E409E1F62BAEAE920013D913 /* IncomeViewController.swift in Sources */ = {isa = PBXBuildFile; fileRef = E409E1F02BAEAE920013D913 /* IncomeViewController.swift */; };
		E409E1F72BAEAE920013D913 /* CustomProgressViewController.swift in Sources */ = {isa = PBXBuildFile; fileRef = E409E1F12BAEAE920013D913 /* CustomProgressViewController.swift */; };
		E409E2142BAEAF7C0013D913 /* CalendarCollectionViewCell.swift in Sources */ = {isa = PBXBuildFile; fileRef = E409E20B2BAEAF7C0013D913 /* CalendarCollectionViewCell.swift */; };
		E409E2152BAEAF7C0013D913 /* CalendarDateFormatter.swift in Sources */ = {isa = PBXBuildFile; fileRef = E409E20D2BAEAF7C0013D913 /* CalendarDateFormatter.swift */; };
		E409E2162BAEAF7C0013D913 /* CalendarViewController.swift in Sources */ = {isa = PBXBuildFile; fileRef = E409E20F2BAEAF7C0013D913 /* CalendarViewController.swift */; };
		E409E2172BAEAF7C0013D913 /* PopupViewController.swift in Sources */ = {isa = PBXBuildFile; fileRef = E409E2112BAEAF7C0013D913 /* PopupViewController.swift */; };
		E409E2182BAEAF7C0013D913 /* MypopupView.swift in Sources */ = {isa = PBXBuildFile; fileRef = E409E2122BAEAF7C0013D913 /* MypopupView.swift */; };
		E409E2192BAEAF7C0013D913 /* CalendarManager.swift in Sources */ = {isa = PBXBuildFile; fileRef = E409E2132BAEAF7C0013D913 /* CalendarManager.swift */; };
		E409E21B2BAEAF860013D913 /* CalendarTableViewCell.swift in Sources */ = {isa = PBXBuildFile; fileRef = E409E21A2BAEAF860013D913 /* CalendarTableViewCell.swift */; };
/* End PBXBuildFile section */

/* Begin PBXContainerItemProxy section */
		580AACA82BA566F900672050 /* PBXContainerItemProxy */ = {
			isa = PBXContainerItemProxy;
			containerPortal = 580AAC892BA566F700672050 /* Project object */;
			proxyType = 1;
			remoteGlobalIDString = 580AAC902BA566F700672050;
			remoteInfo = CenApp;
		};
		580AACB22BA566F900672050 /* PBXContainerItemProxy */ = {
			isa = PBXContainerItemProxy;
			containerPortal = 580AAC892BA566F700672050 /* Project object */;
			proxyType = 1;
			remoteGlobalIDString = 580AAC902BA566F700672050;
			remoteInfo = CenApp;
		};
/* End PBXContainerItemProxy section */

/* Begin PBXFileReference section */
		580AAC912BA566F700672050 /* CenApp.app */ = {isa = PBXFileReference; explicitFileType = wrapper.application; includeInIndex = 0; path = CenApp.app; sourceTree = BUILT_PRODUCTS_DIR; };
		580AAC942BA566F700672050 /* AppDelegate.swift */ = {isa = PBXFileReference; lastKnownFileType = sourcecode.swift; path = AppDelegate.swift; sourceTree = "<group>"; };
		580AAC962BA566F700672050 /* SceneDelegate.swift */ = {isa = PBXFileReference; lastKnownFileType = sourcecode.swift; path = SceneDelegate.swift; sourceTree = "<group>"; };
		580AAC9D2BA566F900672050 /* Assets.xcassets */ = {isa = PBXFileReference; lastKnownFileType = folder.assetcatalog; path = Assets.xcassets; sourceTree = "<group>"; };
		580AACA22BA566F900672050 /* Info.plist */ = {isa = PBXFileReference; lastKnownFileType = text.plist.xml; path = Info.plist; sourceTree = "<group>"; };
		580AACA72BA566F900672050 /* CenAppTests.xctest */ = {isa = PBXFileReference; explicitFileType = wrapper.cfbundle; includeInIndex = 0; path = CenAppTests.xctest; sourceTree = BUILT_PRODUCTS_DIR; };
		580AACAB2BA566F900672050 /* CenAppTests.swift */ = {isa = PBXFileReference; lastKnownFileType = sourcecode.swift; path = CenAppTests.swift; sourceTree = "<group>"; };
		580AACB12BA566F900672050 /* CenAppUITests.xctest */ = {isa = PBXFileReference; explicitFileType = wrapper.cfbundle; includeInIndex = 0; path = CenAppUITests.xctest; sourceTree = BUILT_PRODUCTS_DIR; };
		580AACB52BA566F900672050 /* CenAppUITests.swift */ = {isa = PBXFileReference; lastKnownFileType = sourcecode.swift; path = CenAppUITests.swift; sourceTree = "<group>"; };
		580AACB72BA566F900672050 /* CenAppUITestsLaunchTests.swift */ = {isa = PBXFileReference; lastKnownFileType = sourcecode.swift; path = CenAppUITestsLaunchTests.swift; sourceTree = "<group>"; };
		580AACD32BA583D200672050 /* Color.xcassets */ = {isa = PBXFileReference; lastKnownFileType = folder.assetcatalog; path = Color.xcassets; sourceTree = "<group>"; };
		580AACD52BA5845100672050 /* Color + Extension.swift */ = {isa = PBXFileReference; lastKnownFileType = sourcecode.swift; path = "Color + Extension.swift"; sourceTree = "<group>"; };
		588A83F62BA9E7FF006B8CFF /* LaunchScreen.storyboard */ = {isa = PBXFileReference; fileEncoding = 4; lastKnownFileType = file.storyboard; path = LaunchScreen.storyboard; sourceTree = "<group>"; };
		58FE16C12BA9B5CD00FA3363 /* AnnoucementFooterCell.swift */ = {isa = PBXFileReference; fileEncoding = 4; lastKnownFileType = sourcecode.swift; path = AnnoucementFooterCell.swift; sourceTree = "<group>"; };
		58FE16C32BA9B5CD00FA3363 /* AnnoucementHeaderCell.swift */ = {isa = PBXFileReference; fileEncoding = 4; lastKnownFileType = sourcecode.swift; path = AnnoucementHeaderCell.swift; sourceTree = "<group>"; };
		58FE16C52BA9B5CD00FA3363 /* AnnoucementMiddleCell.swift */ = {isa = PBXFileReference; fileEncoding = 4; lastKnownFileType = sourcecode.swift; path = AnnoucementMiddleCell.swift; sourceTree = "<group>"; };
		58FE16C72BA9B5CD00FA3363 /* AnnoucementDetailViewController.swift */ = {isa = PBXFileReference; fileEncoding = 4; lastKnownFileType = sourcecode.swift; path = AnnoucementDetailViewController.swift; sourceTree = "<group>"; };
		58FE16C92BA9B5CD00FA3363 /* AnnoucementTableViewCell.swift */ = {isa = PBXFileReference; fileEncoding = 4; lastKnownFileType = sourcecode.swift; path = AnnoucementTableViewCell.swift; sourceTree = "<group>"; };
		58FE16CA2BA9B5CD00FA3363 /* AnnoucementViewController.swift */ = {isa = PBXFileReference; fileEncoding = 4; lastKnownFileType = sourcecode.swift; path = AnnoucementViewController.swift; sourceTree = "<group>"; };
		58FE16CE2BA9B5CD00FA3363 /* DocumentTableViewCell.swift */ = {isa = PBXFileReference; fileEncoding = 4; lastKnownFileType = sourcecode.swift; path = DocumentTableViewCell.swift; sourceTree = "<group>"; };
		58FE16CF2BA9B5CD00FA3363 /* DocumentViewController.swift */ = {isa = PBXFileReference; fileEncoding = 4; lastKnownFileType = sourcecode.swift; path = DocumentViewController.swift; sourceTree = "<group>"; };
		58FE16D12BA9B5CD00FA3363 /* BottomTableViewCell.swift */ = {isa = PBXFileReference; fileEncoding = 4; lastKnownFileType = sourcecode.swift; path = BottomTableViewCell.swift; sourceTree = "<group>"; };
		58FE16D22BA9B5CD00FA3363 /* MiddleTableViewCell.swift */ = {isa = PBXFileReference; fileEncoding = 4; lastKnownFileType = sourcecode.swift; path = MiddleTableViewCell.swift; sourceTree = "<group>"; };
		58FE16D42BA9B5CD00FA3363 /* HomeFooterCell.swift */ = {isa = PBXFileReference; fileEncoding = 4; lastKnownFileType = sourcecode.swift; path = HomeFooterCell.swift; sourceTree = "<group>"; };
		58FE16D62BA9B5CD00FA3363 /* HomeHeaderCell.swift */ = {isa = PBXFileReference; fileEncoding = 4; lastKnownFileType = sourcecode.swift; path = HomeHeaderCell.swift; sourceTree = "<group>"; };
		58FE16D82BA9B5CD00FA3363 /* HomeMiddleCell.swift */ = {isa = PBXFileReference; fileEncoding = 4; lastKnownFileType = sourcecode.swift; path = HomeMiddleCell.swift; sourceTree = "<group>"; };
		58FE16DA2BA9B5CD00FA3363 /* HomeViewController.swift */ = {isa = PBXFileReference; fileEncoding = 4; lastKnownFileType = sourcecode.swift; path = HomeViewController.swift; sourceTree = "<group>"; };
		58FE16DC2BA9B5CD00FA3363 /* LoginViewController.swift */ = {isa = PBXFileReference; fileEncoding = 4; lastKnownFileType = sourcecode.swift; path = LoginViewController.swift; sourceTree = "<group>"; };
		58FE16DD2BA9B5CD00FA3363 /* SignupViewController.swift */ = {isa = PBXFileReference; fileEncoding = 4; lastKnownFileType = sourcecode.swift; path = SignupViewController.swift; sourceTree = "<group>"; };
		58FE16DE2BA9B5CD00FA3363 /* StartOnboardingViewController.swift */ = {isa = PBXFileReference; fileEncoding = 4; lastKnownFileType = sourcecode.swift; path = StartOnboardingViewController.swift; sourceTree = "<group>"; };
		58FE16F32BA9B5DF00FA3363 /* LoginModel.swift */ = {isa = PBXFileReference; fileEncoding = 4; lastKnownFileType = sourcecode.swift; path = LoginModel.swift; sourceTree = "<group>"; };
		58FE16F42BA9B5DF00FA3363 /* LoginServiceModel.swift */ = {isa = PBXFileReference; fileEncoding = 4; lastKnownFileType = sourcecode.swift; path = LoginServiceModel.swift; sourceTree = "<group>"; };
		58FE16F62BA9B5DF00FA3363 /* SignupModel.swift */ = {isa = PBXFileReference; fileEncoding = 4; lastKnownFileType = sourcecode.swift; path = SignupModel.swift; sourceTree = "<group>"; };
		58FE16F72BA9B5DF00FA3363 /* SignupServiceModel.swift */ = {isa = PBXFileReference; fileEncoding = 4; lastKnownFileType = sourcecode.swift; path = SignupServiceModel.swift; sourceTree = "<group>"; };
		58FE16FE2BA9B5ED00FA3363 /* ExpressionService.swift */ = {isa = PBXFileReference; fileEncoding = 4; lastKnownFileType = sourcecode.swift; path = ExpressionService.swift; sourceTree = "<group>"; };
		58FE17002BA9B5ED00FA3363 /* LoginService.swift */ = {isa = PBXFileReference; fileEncoding = 4; lastKnownFileType = sourcecode.swift; path = LoginService.swift; sourceTree = "<group>"; };
		58FE17022BA9B5ED00FA3363 /* SignupService.swift */ = {isa = PBXFileReference; fileEncoding = 4; lastKnownFileType = sourcecode.swift; path = SignupService.swift; sourceTree = "<group>"; };
		58FE17082BA9B61F00FA3363 /* TableView + Extension.swift */ = {isa = PBXFileReference; fileEncoding = 4; lastKnownFileType = sourcecode.swift; path = "TableView + Extension.swift"; sourceTree = "<group>"; };
		58FE170B2BA9D63A00FA3363 /* TabViewController.swift */ = {isa = PBXFileReference; lastKnownFileType = sourcecode.swift; path = TabViewController.swift; sourceTree = "<group>"; };
		E409E18E2BAA04C20013D913 /* CenApp.entitlements */ = {isa = PBXFileReference; lastKnownFileType = text.plist.entitlements; path = CenApp.entitlements; sourceTree = "<group>"; };
		E409E19C2BAAEEC90013D913 /* BottomSheetViewController.swift */ = {isa = PBXFileReference; lastKnownFileType = sourcecode.swift; path = BottomSheetViewController.swift; sourceTree = "<group>"; };
		E409E1A22BAB34060013D913 /* AnnoucementService.swift */ = {isa = PBXFileReference; lastKnownFileType = sourcecode.swift; path = AnnoucementService.swift; sourceTree = "<group>"; };
		E409E1A52BAB351F0013D913 /* ScholarshipDayModel.swift */ = {isa = PBXFileReference; lastKnownFileType = sourcecode.swift; path = ScholarshipDayModel.swift; sourceTree = "<group>"; };
		E409E1A92BAB41B40013D913 /* Int + Extension.swift */ = {isa = PBXFileReference; lastKnownFileType = sourcecode.swift; path = "Int + Extension.swift"; sourceTree = "<group>"; };
		E409E1AC2BAB52CB0013D913 /* DocumentService.swift */ = {isa = PBXFileReference; lastKnownFileType = sourcecode.swift; path = DocumentService.swift; sourceTree = "<group>"; };
		E409E1AF2BAB53010013D913 /* DocumentServiceModel.swift */ = {isa = PBXFileReference; lastKnownFileType = sourcecode.swift; path = DocumentServiceModel.swift; sourceTree = "<group>"; };
		E409E1B42BABFD780013D913 /* LoginCheckService.swift */ = {isa = PBXFileReference; lastKnownFileType = sourcecode.swift; path = LoginCheckService.swift; sourceTree = "<group>"; };
		E409E1B82BABFDDB0013D913 /* LoginCheckModel.swift */ = {isa = PBXFileReference; lastKnownFileType = sourcecode.swift; path = LoginCheckModel.swift; sourceTree = "<group>"; };
		E409E1BC2BAC038E0013D913 /* LogoutService.swift */ = {isa = PBXFileReference; lastKnownFileType = sourcecode.swift; path = LogoutService.swift; sourceTree = "<group>"; };
		E409E1C12BAC0DE50013D913 /* FindpwViewController.swift */ = {isa = PBXFileReference; lastKnownFileType = sourcecode.swift; path = FindpwViewController.swift; sourceTree = "<group>"; };
		E409E1CD2BACA7930013D913 /* mainCoin.gif */ = {isa = PBXFileReference; lastKnownFileType = image.gif; path = mainCoin.gif; sourceTree = "<group>"; };
		E409E1D02BACAAF40013D913 /* FindpwService.swift */ = {isa = PBXFileReference; lastKnownFileType = sourcecode.swift; path = FindpwService.swift; sourceTree = "<group>"; };
		E409E1D32BACAC1C0013D913 /* FindpwModel.swift */ = {isa = PBXFileReference; lastKnownFileType = sourcecode.swift; path = FindpwModel.swift; sourceTree = "<group>"; };
		E409E1D52BACAC3D0013D913 /* FindpwServiceModel.swift */ = {isa = PBXFileReference; lastKnownFileType = sourcecode.swift; path = FindpwServiceModel.swift; sourceTree = "<group>"; };
		E409E1D72BAD7A0B0013D913 /* AmountService.swift */ = {isa = PBXFileReference; lastKnownFileType = sourcecode.swift; path = AmountService.swift; sourceTree = "<group>"; };
		E409E1D92BAD7A810013D913 /* AmountServiceModel.swift */ = {isa = PBXFileReference; lastKnownFileType = sourcecode.swift; path = AmountServiceModel.swift; sourceTree = "<group>"; };
		E409E1DC2BAE7ED00013D913 /* HashtagService.swift */ = {isa = PBXFileReference; lastKnownFileType = sourcecode.swift; path = HashtagService.swift; sourceTree = "<group>"; };
		E409E1DF2BAE7F690013D913 /* HashtagServiceModel.swift */ = {isa = PBXFileReference; lastKnownFileType = sourcecode.swift; path = HashtagServiceModel.swift; sourceTree = "<group>"; };
		E409E1E12BAEA60A0013D913 /* confetti4.gif */ = {isa = PBXFileReference; lastKnownFileType = image.gif; path = confetti4.gif; sourceTree = "<group>"; };
		E409E1EB2BAEAE920013D913 /* FinishViewController.swift */ = {isa = PBXFileReference; fileEncoding = 4; lastKnownFileType = sourcecode.swift; path = FinishViewController.swift; sourceTree = "<group>"; };
		E409E1ED2BAEAE920013D913 /* MajorViewController.swift */ = {isa = PBXFileReference; fileEncoding = 4; lastKnownFileType = sourcecode.swift; path = MajorViewController.swift; sourceTree = "<group>"; };
		E409E1EE2BAEAE920013D913 /* LocationViewController.swift */ = {isa = PBXFileReference; fileEncoding = 4; lastKnownFileType = sourcecode.swift; path = LocationViewController.swift; sourceTree = "<group>"; };
		E409E1EF2BAEAE920013D913 /* AcademicYearViewController.swift */ = {isa = PBXFileReference; fileEncoding = 4; lastKnownFileType = sourcecode.swift; path = AcademicYearViewController.swift; sourceTree = "<group>"; };
		E409E1F02BAEAE920013D913 /* IncomeViewController.swift */ = {isa = PBXFileReference; fileEncoding = 4; lastKnownFileType = sourcecode.swift; path = IncomeViewController.swift; sourceTree = "<group>"; };
		E409E1F12BAEAE920013D913 /* CustomProgressViewController.swift */ = {isa = PBXFileReference; fileEncoding = 4; lastKnownFileType = sourcecode.swift; path = CustomProgressViewController.swift; sourceTree = "<group>"; };
		E409E20B2BAEAF7C0013D913 /* CalendarCollectionViewCell.swift */ = {isa = PBXFileReference; fileEncoding = 4; lastKnownFileType = sourcecode.swift; path = CalendarCollectionViewCell.swift; sourceTree = "<group>"; };
		E409E20D2BAEAF7C0013D913 /* CalendarDateFormatter.swift */ = {isa = PBXFileReference; fileEncoding = 4; lastKnownFileType = sourcecode.swift; path = CalendarDateFormatter.swift; sourceTree = "<group>"; };
		E409E20F2BAEAF7C0013D913 /* CalendarViewController.swift */ = {isa = PBXFileReference; fileEncoding = 4; lastKnownFileType = sourcecode.swift; path = CalendarViewController.swift; sourceTree = "<group>"; };
		E409E2112BAEAF7C0013D913 /* PopupViewController.swift */ = {isa = PBXFileReference; fileEncoding = 4; lastKnownFileType = sourcecode.swift; path = PopupViewController.swift; sourceTree = "<group>"; };
		E409E2122BAEAF7C0013D913 /* MypopupView.swift */ = {isa = PBXFileReference; fileEncoding = 4; lastKnownFileType = sourcecode.swift; path = MypopupView.swift; sourceTree = "<group>"; };
		E409E2132BAEAF7C0013D913 /* CalendarManager.swift */ = {isa = PBXFileReference; fileEncoding = 4; lastKnownFileType = sourcecode.swift; path = CalendarManager.swift; sourceTree = "<group>"; };
		E409E21A2BAEAF860013D913 /* CalendarTableViewCell.swift */ = {isa = PBXFileReference; fileEncoding = 4; lastKnownFileType = sourcecode.swift; path = CalendarTableViewCell.swift; sourceTree = "<group>"; };
/* End PBXFileReference section */

/* Begin PBXFrameworksBuildPhase section */
		580AAC8E2BA566F700672050 /* Frameworks */ = {
			isa = PBXFrameworksBuildPhase;
			buildActionMask = 2147483647;
			files = (
				580AACCC2BA5828D00672050 /* Alamofire in Frameworks */,
				E409E1972BAAC3DB0013D913 /* SCLAlertView in Frameworks */,
				580AACC62BA5818700672050 /* SnapKit in Frameworks */,
				580AACCF2BA582CE00672050 /* SwiftKeychainWrapper in Frameworks */,
				580AAD2A2BA8280600672050 /* iOSDropDown in Frameworks */,
				580AACC92BA581F400672050 /* Then in Frameworks */,
				E409E1912BAAB24D0013D913 /* DGCharts in Frameworks */,
				580AACD22BA582FF00672050 /* Kingfisher in Frameworks */,
			);
			runOnlyForDeploymentPostprocessing = 0;
		};
		580AACA42BA566F900672050 /* Frameworks */ = {
			isa = PBXFrameworksBuildPhase;
			buildActionMask = 2147483647;
			files = (
			);
			runOnlyForDeploymentPostprocessing = 0;
		};
		580AACAE2BA566F900672050 /* Frameworks */ = {
			isa = PBXFrameworksBuildPhase;
			buildActionMask = 2147483647;
			files = (
			);
			runOnlyForDeploymentPostprocessing = 0;
		};
/* End PBXFrameworksBuildPhase section */

/* Begin PBXGroup section */
		580AAC882BA566F700672050 = {
			isa = PBXGroup;
			children = (
				580AAC932BA566F700672050 /* CenApp */,
				580AACAA2BA566F900672050 /* CenAppTests */,
				580AACB42BA566F900672050 /* CenAppUITests */,
				580AAC922BA566F700672050 /* Products */,
			);
			sourceTree = "<group>";
		};
		580AAC922BA566F700672050 /* Products */ = {
			isa = PBXGroup;
			children = (
				580AAC912BA566F700672050 /* CenApp.app */,
				580AACA72BA566F900672050 /* CenAppTests.xctest */,
				580AACB12BA566F900672050 /* CenAppUITests.xctest */,
			);
			name = Products;
			sourceTree = "<group>";
		};
		580AAC932BA566F700672050 /* CenApp */ = {
			isa = PBXGroup;
			children = (
				E409E18E2BAA04C20013D913 /* CenApp.entitlements */,
				58FE17042BA9B5ED00FA3363 /* Service */,
				58FE16F92BA9B5DF00FA3363 /* Model */,
				58FE16E02BA9B5CD00FA3363 /* Feature */,
				580AACD72BA5846100672050 /* Core */,
				E409E1C52BAC9E6C0013D913 /* Gif */,
				580AACD82BA5847100672050 /* App */,
				580AACA22BA566F900672050 /* Info.plist */,
			);
			path = CenApp;
			sourceTree = "<group>";
		};
		580AACAA2BA566F900672050 /* CenAppTests */ = {
			isa = PBXGroup;
			children = (
				580AACAB2BA566F900672050 /* CenAppTests.swift */,
			);
			path = CenAppTests;
			sourceTree = "<group>";
		};
		580AACB42BA566F900672050 /* CenAppUITests */ = {
			isa = PBXGroup;
			children = (
				580AACB52BA566F900672050 /* CenAppUITests.swift */,
				580AACB72BA566F900672050 /* CenAppUITestsLaunchTests.swift */,
			);
			path = CenAppUITests;
			sourceTree = "<group>";
		};
		580AACD72BA5846100672050 /* Core */ = {
			isa = PBXGroup;
			children = (
				58FE17082BA9B61F00FA3363 /* TableView + Extension.swift */,
				580AACD52BA5845100672050 /* Color + Extension.swift */,
				E409E1A92BAB41B40013D913 /* Int + Extension.swift */,
			);
			path = Core;
			sourceTree = "<group>";
		};
		580AACD82BA5847100672050 /* App */ = {
			isa = PBXGroup;
			children = (
				580AACD92BA5847800672050 /* Delegate */,
				588A83F62BA9E7FF006B8CFF /* LaunchScreen.storyboard */,
				580AAC9D2BA566F900672050 /* Assets.xcassets */,
				580AACD32BA583D200672050 /* Color.xcassets */,
			);
			path = App;
			sourceTree = "<group>";
		};
		580AACD92BA5847800672050 /* Delegate */ = {
			isa = PBXGroup;
			children = (
				580AAC942BA566F700672050 /* AppDelegate.swift */,
				580AAC962BA566F700672050 /* SceneDelegate.swift */,
			);
			path = Delegate;
			sourceTree = "<group>";
		};
		58FE16C22BA9B5CD00FA3363 /* Footer */ = {
			isa = PBXGroup;
			children = (
				58FE16C12BA9B5CD00FA3363 /* AnnoucementFooterCell.swift */,
			);
			path = Footer;
			sourceTree = "<group>";
		};
		58FE16C42BA9B5CD00FA3363 /* Header */ = {
			isa = PBXGroup;
			children = (
				58FE16C32BA9B5CD00FA3363 /* AnnoucementHeaderCell.swift */,
			);
			path = Header;
			sourceTree = "<group>";
		};
		58FE16C62BA9B5CD00FA3363 /* Middle */ = {
			isa = PBXGroup;
			children = (
				58FE16C52BA9B5CD00FA3363 /* AnnoucementMiddleCell.swift */,
			);
			path = Middle;
			sourceTree = "<group>";
		};
		58FE16C82BA9B5CD00FA3363 /* AnnoucementDetail */ = {
			isa = PBXGroup;
			children = (
				58FE16C22BA9B5CD00FA3363 /* Footer */,
				58FE16C42BA9B5CD00FA3363 /* Header */,
				58FE16C62BA9B5CD00FA3363 /* Middle */,
				58FE16C72BA9B5CD00FA3363 /* AnnoucementDetailViewController.swift */,
			);
			path = AnnoucementDetail;
			sourceTree = "<group>";
		};
		58FE16CB2BA9B5CD00FA3363 /* AnnoucementVC */ = {
			isa = PBXGroup;
			children = (
				58FE16C82BA9B5CD00FA3363 /* AnnoucementDetail */,
				58FE16C92BA9B5CD00FA3363 /* AnnoucementTableViewCell.swift */,
				58FE16CA2BA9B5CD00FA3363 /* AnnoucementViewController.swift */,
			);
			path = AnnoucementVC;
			sourceTree = "<group>";
		};
		58FE16D02BA9B5CD00FA3363 /* DocumentVC */ = {
			isa = PBXGroup;
			children = (
				58FE16CE2BA9B5CD00FA3363 /* DocumentTableViewCell.swift */,
				58FE16CF2BA9B5CD00FA3363 /* DocumentViewController.swift */,
			);
			path = DocumentVC;
			sourceTree = "<group>";
		};
		58FE16D32BA9B5CD00FA3363 /* DetailTableCell */ = {
			isa = PBXGroup;
			children = (
				58FE16D12BA9B5CD00FA3363 /* BottomTableViewCell.swift */,
				58FE16D22BA9B5CD00FA3363 /* MiddleTableViewCell.swift */,
			);
			path = DetailTableCell;
			sourceTree = "<group>";
		};
		58FE16D52BA9B5CD00FA3363 /* Footer */ = {
			isa = PBXGroup;
			children = (
				58FE16D42BA9B5CD00FA3363 /* HomeFooterCell.swift */,
			);
			path = Footer;
			sourceTree = "<group>";
		};
		58FE16D72BA9B5CD00FA3363 /* Header */ = {
			isa = PBXGroup;
			children = (
				58FE16D62BA9B5CD00FA3363 /* HomeHeaderCell.swift */,
			);
			path = Header;
			sourceTree = "<group>";
		};
		58FE16D92BA9B5CD00FA3363 /* Middle */ = {
			isa = PBXGroup;
			children = (
				58FE16D82BA9B5CD00FA3363 /* HomeMiddleCell.swift */,
			);
			path = Middle;
			sourceTree = "<group>";
		};
		58FE16DB2BA9B5CD00FA3363 /* HomeVC */ = {
			isa = PBXGroup;
			children = (
				58FE16D32BA9B5CD00FA3363 /* DetailTableCell */,
				58FE16D52BA9B5CD00FA3363 /* Footer */,
				58FE16D72BA9B5CD00FA3363 /* Header */,
				58FE16D92BA9B5CD00FA3363 /* Middle */,
				58FE16DA2BA9B5CD00FA3363 /* HomeViewController.swift */,
			);
			path = HomeVC;
			sourceTree = "<group>";
		};
		58FE16DF2BA9B5CD00FA3363 /* LoginVC */ = {
			isa = PBXGroup;
			children = (
				58FE16DC2BA9B5CD00FA3363 /* LoginViewController.swift */,
			);
			path = LoginVC;
			sourceTree = "<group>";
		};
		58FE16E02BA9B5CD00FA3363 /* Feature */ = {
			isa = PBXGroup;
			children = (
				E409E2092BAEAF7C0013D913 /* CalendarVC */,
				E409E1EA2BAEAE920013D913 /* RegisterVC */,
				E409E1BE2BAC0D6B0013D913 /* Auth */,
				58FE170A2BA9D59A00FA3363 /* TabBar */,
				E409E19B2BAAEEBB0013D913 /* BottomSheet */,
				58FE16CB2BA9B5CD00FA3363 /* AnnoucementVC */,
				58FE16D02BA9B5CD00FA3363 /* DocumentVC */,
				58FE16DB2BA9B5CD00FA3363 /* HomeVC */,
			);
			path = Feature;
			sourceTree = "<group>";
		};
		58FE16F52BA9B5DF00FA3363 /* Login */ = {
			isa = PBXGroup;
			children = (
				58FE16F32BA9B5DF00FA3363 /* LoginModel.swift */,
				58FE16F42BA9B5DF00FA3363 /* LoginServiceModel.swift */,
			);
			path = Login;
			sourceTree = "<group>";
		};
		58FE16F82BA9B5DF00FA3363 /* Signup */ = {
			isa = PBXGroup;
			children = (
				58FE16F62BA9B5DF00FA3363 /* SignupModel.swift */,
				58FE16F72BA9B5DF00FA3363 /* SignupServiceModel.swift */,
			);
			path = Signup;
			sourceTree = "<group>";
		};
		58FE16F92BA9B5DF00FA3363 /* Model */ = {
			isa = PBXGroup;
			children = (
				E409E1DE2BAE7F5B0013D913 /* Hashtag */,
				E409E1B62BABFDB10013D913 /* Auth */,
				E409E1AE2BAB52F50013D913 /* Document */,
				E409E1A42BAB34E30013D913 /* Annoucement */,
			);
			path = Model;
			sourceTree = "<group>";
		};
		58FE16FF2BA9B5ED00FA3363 /* Expression */ = {
			isa = PBXGroup;
			children = (
				58FE16FE2BA9B5ED00FA3363 /* ExpressionService.swift */,
			);
			path = Expression;
			sourceTree = "<group>";
		};
		58FE17012BA9B5ED00FA3363 /* Login */ = {
			isa = PBXGroup;
			children = (
				58FE17002BA9B5ED00FA3363 /* LoginService.swift */,
			);
			path = Login;
			sourceTree = "<group>";
		};
		58FE17032BA9B5ED00FA3363 /* Signup */ = {
			isa = PBXGroup;
			children = (
				58FE17022BA9B5ED00FA3363 /* SignupService.swift */,
			);
			path = Signup;
			sourceTree = "<group>";
		};
		58FE17042BA9B5ED00FA3363 /* Service */ = {
			isa = PBXGroup;
			children = (
				E409E1DB2BAE7EC00013D913 /* Tag */,
				E409E1B12BABFD570013D913 /* Auth */,
				E409E1AB2BAB52C10013D913 /* Document */,
				E409E1A12BAB33530013D913 /* Annoucement */,
				58FE16FF2BA9B5ED00FA3363 /* Expression */,
			);
			path = Service;
			sourceTree = "<group>";
		};
		58FE170A2BA9D59A00FA3363 /* TabBar */ = {
			isa = PBXGroup;
			children = (
				58FE170B2BA9D63A00FA3363 /* TabViewController.swift */,
			);
			path = TabBar;
			sourceTree = "<group>";
		};
		E409E19B2BAAEEBB0013D913 /* BottomSheet */ = {
			isa = PBXGroup;
			children = (
				E409E19C2BAAEEC90013D913 /* BottomSheetViewController.swift */,
			);
			path = BottomSheet;
			sourceTree = "<group>";
		};
		E409E1A12BAB33530013D913 /* Annoucement */ = {
			isa = PBXGroup;
			children = (
				E409E1A22BAB34060013D913 /* AnnoucementService.swift */,
				E409E1D72BAD7A0B0013D913 /* AmountService.swift */,
			);
			path = Annoucement;
			sourceTree = "<group>";
		};
		E409E1A42BAB34E30013D913 /* Annoucement */ = {
			isa = PBXGroup;
			children = (
				E409E1A52BAB351F0013D913 /* ScholarshipDayModel.swift */,
				E409E1D92BAD7A810013D913 /* AmountServiceModel.swift */,
			);
			path = Annoucement;
			sourceTree = "<group>";
		};
		E409E1AB2BAB52C10013D913 /* Document */ = {
			isa = PBXGroup;
			children = (
				E409E1AC2BAB52CB0013D913 /* DocumentService.swift */,
			);
			path = Document;
			sourceTree = "<group>";
		};
		E409E1AE2BAB52F50013D913 /* Document */ = {
			isa = PBXGroup;
			children = (
				E409E1AF2BAB53010013D913 /* DocumentServiceModel.swift */,
			);
			path = Document;
			sourceTree = "<group>";
		};
		E409E1B12BABFD570013D913 /* Auth */ = {
			isa = PBXGroup;
			children = (
				E409E1CF2BACAAE90013D913 /* Findpw */,
				E409E1BB2BAC03800013D913 /* Logout */,
				58FE17032BA9B5ED00FA3363 /* Signup */,
				E409E1B32BABFD630013D913 /* LoginCheck */,
				58FE17012BA9B5ED00FA3363 /* Login */,
			);
			path = Auth;
			sourceTree = "<group>";
		};
		E409E1B32BABFD630013D913 /* LoginCheck */ = {
			isa = PBXGroup;
			children = (
				E409E1B42BABFD780013D913 /* LoginCheckService.swift */,
			);
			path = LoginCheck;
			sourceTree = "<group>";
		};
		E409E1B62BABFDB10013D913 /* Auth */ = {
			isa = PBXGroup;
			children = (
				E409E1D22BACAC130013D913 /* Findpw */,
				E409E1B72BABFDC20013D913 /* LoginCheck */,
				58FE16F82BA9B5DF00FA3363 /* Signup */,
				58FE16F52BA9B5DF00FA3363 /* Login */,
			);
			path = Auth;
			sourceTree = "<group>";
		};
		E409E1B72BABFDC20013D913 /* LoginCheck */ = {
			isa = PBXGroup;
			children = (
				E409E1B82BABFDDB0013D913 /* LoginCheckModel.swift */,
			);
			path = LoginCheck;
			sourceTree = "<group>";
		};
		E409E1BB2BAC03800013D913 /* Logout */ = {
			isa = PBXGroup;
			children = (
				E409E1BC2BAC038E0013D913 /* LogoutService.swift */,
			);
			path = Logout;
			sourceTree = "<group>";
		};
		E409E1BE2BAC0D6B0013D913 /* Auth */ = {
			isa = PBXGroup;
			children = (
				58FE16DE2BA9B5CD00FA3363 /* StartOnboardingViewController.swift */,
				E409E1C02BAC0DCF0013D913 /* Findpw */,
				E409E1BF2BAC0DB70013D913 /* Signup */,
				58FE16DF2BA9B5CD00FA3363 /* LoginVC */,
			);
			path = Auth;
			sourceTree = "<group>";
		};
		E409E1BF2BAC0DB70013D913 /* Signup */ = {
			isa = PBXGroup;
			children = (
				58FE16DD2BA9B5CD00FA3363 /* SignupViewController.swift */,
			);
			path = Signup;
			sourceTree = "<group>";
		};
		E409E1C02BAC0DCF0013D913 /* Findpw */ = {
			isa = PBXGroup;
			children = (
				E409E1C12BAC0DE50013D913 /* FindpwViewController.swift */,
			);
			path = Findpw;
			sourceTree = "<group>";
		};
		E409E1C52BAC9E6C0013D913 /* Gif */ = {
			isa = PBXGroup;
			children = (
				E409E1E12BAEA60A0013D913 /* confetti4.gif */,
				E409E1CD2BACA7930013D913 /* mainCoin.gif */,
			);
			path = Gif;
			sourceTree = "<group>";
		};
		E409E1CF2BACAAE90013D913 /* Findpw */ = {
			isa = PBXGroup;
			children = (
				E409E1D02BACAAF40013D913 /* FindpwService.swift */,
			);
			path = Findpw;
			sourceTree = "<group>";
		};
		E409E1D22BACAC130013D913 /* Findpw */ = {
			isa = PBXGroup;
			children = (
				E409E1D32BACAC1C0013D913 /* FindpwModel.swift */,
				E409E1D52BACAC3D0013D913 /* FindpwServiceModel.swift */,
			);
			path = Findpw;
			sourceTree = "<group>";
		};
		E409E1DB2BAE7EC00013D913 /* Tag */ = {
			isa = PBXGroup;
			children = (
				E409E1DC2BAE7ED00013D913 /* HashtagService.swift */,
			);
			path = Tag;
			sourceTree = "<group>";
		};
		E409E1DE2BAE7F5B0013D913 /* Hashtag */ = {
			isa = PBXGroup;
			children = (
				E409E1DF2BAE7F690013D913 /* HashtagServiceModel.swift */,
			);
			path = Hashtag;
			sourceTree = "<group>";
		};
		E409E1EA2BAEAE920013D913 /* RegisterVC */ = {
			isa = PBXGroup;
			children = (
				E409E1EB2BAEAE920013D913 /* FinishViewController.swift */,
				E409E1EC2BAEAE920013D913 /* Network */,
				E409E1F12BAEAE920013D913 /* CustomProgressViewController.swift */,
			);
			path = RegisterVC;
			sourceTree = "<group>";
		};
		E409E1EC2BAEAE920013D913 /* Network */ = {
			isa = PBXGroup;
			children = (
				E409E1ED2BAEAE920013D913 /* MajorViewController.swift */,
				E409E1EE2BAEAE920013D913 /* LocationViewController.swift */,
				E409E1EF2BAEAE920013D913 /* AcademicYearViewController.swift */,
				E409E1F02BAEAE920013D913 /* IncomeViewController.swift */,
			);
			path = Network;
			sourceTree = "<group>";
		};
		E409E2092BAEAF7C0013D913 /* CalendarVC */ = {
			isa = PBXGroup;
			children = (
				E409E20A2BAEAF7C0013D913 /* Cell */,
				E409E20C2BAEAF7C0013D913 /* Model */,
				E409E20E2BAEAF7C0013D913 /* Control */,
			);
			path = CalendarVC;
			sourceTree = "<group>";
		};
		E409E20A2BAEAF7C0013D913 /* Cell */ = {
			isa = PBXGroup;
			children = (
				E409E21A2BAEAF860013D913 /* CalendarTableViewCell.swift */,
				E409E20B2BAEAF7C0013D913 /* CalendarCollectionViewCell.swift */,
			);
			path = Cell;
			sourceTree = "<group>";
		};
		E409E20C2BAEAF7C0013D913 /* Model */ = {
			isa = PBXGroup;
			children = (
				E409E20D2BAEAF7C0013D913 /* CalendarDateFormatter.swift */,
			);
			path = Model;
			sourceTree = "<group>";
		};
		E409E20E2BAEAF7C0013D913 /* Control */ = {
			isa = PBXGroup;
			children = (
				E409E20F2BAEAF7C0013D913 /* CalendarViewController.swift */,
				E409E2102BAEAF7C0013D913 /* PopControl */,
				E409E2132BAEAF7C0013D913 /* CalendarManager.swift */,
			);
			path = Control;
			sourceTree = "<group>";
		};
		E409E2102BAEAF7C0013D913 /* PopControl */ = {
			isa = PBXGroup;
			children = (
				E409E2112BAEAF7C0013D913 /* PopupViewController.swift */,
				E409E2122BAEAF7C0013D913 /* MypopupView.swift */,
			);
			path = PopControl;
			sourceTree = "<group>";
		};
/* End PBXGroup section */

/* Begin PBXNativeTarget section */
		580AAC902BA566F700672050 /* CenApp */ = {
			isa = PBXNativeTarget;
			buildConfigurationList = 580AACBB2BA566F900672050 /* Build configuration list for PBXNativeTarget "CenApp" */;
			buildPhases = (
				580AAC8D2BA566F700672050 /* Sources */,
				580AAC8E2BA566F700672050 /* Frameworks */,
				580AAC8F2BA566F700672050 /* Resources */,
			);
			buildRules = (
			);
			dependencies = (
			);
			name = CenApp;
			packageProductDependencies = (
				580AACC52BA5818700672050 /* SnapKit */,
				580AACC82BA581F400672050 /* Then */,
				580AACCB2BA5828D00672050 /* Alamofire */,
				580AACCE2BA582CE00672050 /* SwiftKeychainWrapper */,
				580AACD12BA582FF00672050 /* Kingfisher */,
				580AAD292BA8280600672050 /* iOSDropDown */,
				E409E1902BAAB24D0013D913 /* DGCharts */,
				E409E1962BAAC3DB0013D913 /* SCLAlertView */,
			);
			productName = CenApp;
			productReference = 580AAC912BA566F700672050 /* CenApp.app */;
			productType = "com.apple.product-type.application";
		};
		580AACA62BA566F900672050 /* CenAppTests */ = {
			isa = PBXNativeTarget;
			buildConfigurationList = 580AACBE2BA566F900672050 /* Build configuration list for PBXNativeTarget "CenAppTests" */;
			buildPhases = (
				580AACA32BA566F900672050 /* Sources */,
				580AACA42BA566F900672050 /* Frameworks */,
				580AACA52BA566F900672050 /* Resources */,
			);
			buildRules = (
			);
			dependencies = (
				580AACA92BA566F900672050 /* PBXTargetDependency */,
			);
			name = CenAppTests;
			productName = CenAppTests;
			productReference = 580AACA72BA566F900672050 /* CenAppTests.xctest */;
			productType = "com.apple.product-type.bundle.unit-test";
		};
		580AACB02BA566F900672050 /* CenAppUITests */ = {
			isa = PBXNativeTarget;
			buildConfigurationList = 580AACC12BA566F900672050 /* Build configuration list for PBXNativeTarget "CenAppUITests" */;
			buildPhases = (
				580AACAD2BA566F900672050 /* Sources */,
				580AACAE2BA566F900672050 /* Frameworks */,
				580AACAF2BA566F900672050 /* Resources */,
			);
			buildRules = (
			);
			dependencies = (
				580AACB32BA566F900672050 /* PBXTargetDependency */,
			);
			name = CenAppUITests;
			productName = CenAppUITests;
			productReference = 580AACB12BA566F900672050 /* CenAppUITests.xctest */;
			productType = "com.apple.product-type.bundle.ui-testing";
		};
/* End PBXNativeTarget section */

/* Begin PBXProject section */
		580AAC892BA566F700672050 /* Project object */ = {
			isa = PBXProject;
			attributes = {
				BuildIndependentTargetsInParallel = 1;
				LastSwiftUpdateCheck = 1530;
				LastUpgradeCheck = 1530;
				TargetAttributes = {
					580AAC902BA566F700672050 = {
						CreatedOnToolsVersion = 15.3;
					};
					580AACA62BA566F900672050 = {
						CreatedOnToolsVersion = 15.3;
						TestTargetID = 580AAC902BA566F700672050;
					};
					580AACB02BA566F900672050 = {
						CreatedOnToolsVersion = 15.3;
						TestTargetID = 580AAC902BA566F700672050;
					};
				};
			};
			buildConfigurationList = 580AAC8C2BA566F700672050 /* Build configuration list for PBXProject "CenApp" */;
			compatibilityVersion = "Xcode 14.0";
			developmentRegion = en;
			hasScannedForEncodings = 0;
			knownRegions = (
				en,
				Base,
			);
			mainGroup = 580AAC882BA566F700672050;
			packageReferences = (
				580AACC42BA5818700672050 /* XCRemoteSwiftPackageReference "SnapKit" */,
				580AACC72BA581F400672050 /* XCRemoteSwiftPackageReference "Then" */,
				580AACCA2BA5828D00672050 /* XCRemoteSwiftPackageReference "Alamofire" */,
				580AACCD2BA582CE00672050 /* XCRemoteSwiftPackageReference "SwiftKeychainWrapper" */,
				580AACD02BA582FF00672050 /* XCRemoteSwiftPackageReference "Kingfisher" */,
				580AAD282BA8280600672050 /* XCRemoteSwiftPackageReference "iOSDropDown" */,
				E409E18F2BAAB24D0013D913 /* XCRemoteSwiftPackageReference "Charts" */,
				E409E1952BAAC3DB0013D913 /* XCRemoteSwiftPackageReference "SCLAlertView-Swift" */,
			);
			productRefGroup = 580AAC922BA566F700672050 /* Products */;
			projectDirPath = "";
			projectRoot = "";
			targets = (
				580AAC902BA566F700672050 /* CenApp */,
				580AACA62BA566F900672050 /* CenAppTests */,
				580AACB02BA566F900672050 /* CenAppUITests */,
			);
		};
/* End PBXProject section */

/* Begin PBXResourcesBuildPhase section */
		580AAC8F2BA566F700672050 /* Resources */ = {
			isa = PBXResourcesBuildPhase;
			buildActionMask = 2147483647;
			files = (
				588A83F72BA9E7FF006B8CFF /* LaunchScreen.storyboard in Resources */,
				580AAC9E2BA566F900672050 /* Assets.xcassets in Resources */,
				E409E1CE2BACA7930013D913 /* mainCoin.gif in Resources */,
				580AACD42BA583D200672050 /* Color.xcassets in Resources */,
				E409E1E22BAEA60A0013D913 /* confetti4.gif in Resources */,
			);
			runOnlyForDeploymentPostprocessing = 0;
		};
		580AACA52BA566F900672050 /* Resources */ = {
			isa = PBXResourcesBuildPhase;
			buildActionMask = 2147483647;
			files = (
			);
			runOnlyForDeploymentPostprocessing = 0;
		};
		580AACAF2BA566F900672050 /* Resources */ = {
			isa = PBXResourcesBuildPhase;
			buildActionMask = 2147483647;
			files = (
			);
			runOnlyForDeploymentPostprocessing = 0;
		};
/* End PBXResourcesBuildPhase section */

/* Begin PBXSourcesBuildPhase section */
		580AAC8D2BA566F700672050 /* Sources */ = {
			isa = PBXSourcesBuildPhase;
			buildActionMask = 2147483647;
			files = (
				58FE16E42BA9B5CD00FA3363 /* AnnoucementDetailViewController.swift in Sources */,
				E409E2142BAEAF7C0013D913 /* CalendarCollectionViewCell.swift in Sources */,
				E409E1F72BAEAE920013D913 /* CustomProgressViewController.swift in Sources */,
				58FE16FA2BA9B5DF00FA3363 /* LoginModel.swift in Sources */,
				58FE16ED2BA9B5CD00FA3363 /* HomeHeaderCell.swift in Sources */,
				58FE17072BA9B5ED00FA3363 /* SignupService.swift in Sources */,
				E409E1B92BABFDDB0013D913 /* LoginCheckModel.swift in Sources */,
				E409E1F22BAEAE920013D913 /* FinishViewController.swift in Sources */,
				E409E2182BAEAF7C0013D913 /* MypopupView.swift in Sources */,
				E409E1D62BACAC3D0013D913 /* FindpwServiceModel.swift in Sources */,
				E409E1DA2BAD7A810013D913 /* AmountServiceModel.swift in Sources */,
				58FE17092BA9B61F00FA3363 /* TableView + Extension.swift in Sources */,
				58FE16E82BA9B5CD00FA3363 /* DocumentTableViewCell.swift in Sources */,
				E409E2152BAEAF7C0013D913 /* CalendarDateFormatter.swift in Sources */,
				E409E1A32BAB34060013D913 /* AnnoucementService.swift in Sources */,
				58FE16E32BA9B5CD00FA3363 /* AnnoucementMiddleCell.swift in Sources */,
				58FE16E12BA9B5CD00FA3363 /* AnnoucementFooterCell.swift in Sources */,
				580AACD62BA5845100672050 /* Color + Extension.swift in Sources */,
				58FE16EC2BA9B5CD00FA3363 /* HomeFooterCell.swift in Sources */,
				E409E1D42BACAC1C0013D913 /* FindpwModel.swift in Sources */,
				58FE16FC2BA9B5DF00FA3363 /* SignupModel.swift in Sources */,
				E409E1A62BAB351F0013D913 /* ScholarshipDayModel.swift in Sources */,
				58FE16EF2BA9B5CD00FA3363 /* HomeViewController.swift in Sources */,
				58FE16FB2BA9B5DF00FA3363 /* LoginServiceModel.swift in Sources */,
				58FE16EE2BA9B5CD00FA3363 /* HomeMiddleCell.swift in Sources */,
				58FE16F02BA9B5CD00FA3363 /* LoginViewController.swift in Sources */,
				E409E2162BAEAF7C0013D913 /* CalendarViewController.swift in Sources */,
				58FE16E52BA9B5CD00FA3363 /* AnnoucementTableViewCell.swift in Sources */,
				E409E1D12BACAAF40013D913 /* FindpwService.swift in Sources */,
				E409E1E02BAE7F690013D913 /* HashtagServiceModel.swift in Sources */,
				58FE16EA2BA9B5CD00FA3363 /* BottomTableViewCell.swift in Sources */,
				58FE17052BA9B5ED00FA3363 /* ExpressionService.swift in Sources */,
				E409E1AD2BAB52CB0013D913 /* DocumentService.swift in Sources */,
				E409E1F32BAEAE920013D913 /* MajorViewController.swift in Sources */,
				E409E1B02BAB53010013D913 /* DocumentServiceModel.swift in Sources */,
				E409E1AA2BAB41B40013D913 /* Int + Extension.swift in Sources */,
				E409E1F62BAEAE920013D913 /* IncomeViewController.swift in Sources */,
				58FE16E62BA9B5CD00FA3363 /* AnnoucementViewController.swift in Sources */,
				E409E19D2BAAEEC90013D913 /* BottomSheetViewController.swift in Sources */,
				E409E2192BAEAF7C0013D913 /* CalendarManager.swift in Sources */,
				E409E1BD2BAC038E0013D913 /* LogoutService.swift in Sources */,
				E409E1F42BAEAE920013D913 /* LocationViewController.swift in Sources */,
				58FE170C2BA9D63A00FA3363 /* TabViewController.swift in Sources */,
				580AAC952BA566F700672050 /* AppDelegate.swift in Sources */,
				58FE16E22BA9B5CD00FA3363 /* AnnoucementHeaderCell.swift in Sources */,
				E409E1DD2BAE7ED00013D913 /* HashtagService.swift in Sources */,
				58FE16E92BA9B5CD00FA3363 /* DocumentViewController.swift in Sources */,
				E409E21B2BAEAF860013D913 /* CalendarTableViewCell.swift in Sources */,
				E409E1F52BAEAE920013D913 /* AcademicYearViewController.swift in Sources */,
				58FE16F12BA9B5CD00FA3363 /* SignupViewController.swift in Sources */,
				E409E1B52BABFD780013D913 /* LoginCheckService.swift in Sources */,
				58FE17062BA9B5ED00FA3363 /* LoginService.swift in Sources */,
				58FE16F22BA9B5CD00FA3363 /* StartOnboardingViewController.swift in Sources */,
				E409E1D82BAD7A0B0013D913 /* AmountService.swift in Sources */,
				58FE16EB2BA9B5CD00FA3363 /* MiddleTableViewCell.swift in Sources */,
				580AAC972BA566F700672050 /* SceneDelegate.swift in Sources */,
				E409E1C22BAC0DE50013D913 /* FindpwViewController.swift in Sources */,
				58FE16FD2BA9B5DF00FA3363 /* SignupServiceModel.swift in Sources */,
				E409E2172BAEAF7C0013D913 /* PopupViewController.swift in Sources */,
			);
			runOnlyForDeploymentPostprocessing = 0;
		};
		580AACA32BA566F900672050 /* Sources */ = {
			isa = PBXSourcesBuildPhase;
			buildActionMask = 2147483647;
			files = (
				580AACAC2BA566F900672050 /* CenAppTests.swift in Sources */,
			);
			runOnlyForDeploymentPostprocessing = 0;
		};
		580AACAD2BA566F900672050 /* Sources */ = {
			isa = PBXSourcesBuildPhase;
			buildActionMask = 2147483647;
			files = (
				580AACB62BA566F900672050 /* CenAppUITests.swift in Sources */,
				580AACB82BA566F900672050 /* CenAppUITestsLaunchTests.swift in Sources */,
			);
			runOnlyForDeploymentPostprocessing = 0;
		};
/* End PBXSourcesBuildPhase section */

/* Begin PBXTargetDependency section */
		580AACA92BA566F900672050 /* PBXTargetDependency */ = {
			isa = PBXTargetDependency;
			target = 580AAC902BA566F700672050 /* CenApp */;
			targetProxy = 580AACA82BA566F900672050 /* PBXContainerItemProxy */;
		};
		580AACB32BA566F900672050 /* PBXTargetDependency */ = {
			isa = PBXTargetDependency;
			target = 580AAC902BA566F700672050 /* CenApp */;
			targetProxy = 580AACB22BA566F900672050 /* PBXContainerItemProxy */;
		};
/* End PBXTargetDependency section */

/* Begin XCBuildConfiguration section */
		580AACB92BA566F900672050 /* Debug */ = {
			isa = XCBuildConfiguration;
			buildSettings = {
				ALWAYS_SEARCH_USER_PATHS = NO;
				ASSETCATALOG_COMPILER_GENERATE_SWIFT_ASSET_SYMBOL_EXTENSIONS = YES;
				CLANG_ANALYZER_NONNULL = YES;
				CLANG_ANALYZER_NUMBER_OBJECT_CONVERSION = YES_AGGRESSIVE;
				CLANG_CXX_LANGUAGE_STANDARD = "gnu++20";
				CLANG_ENABLE_MODULES = YES;
				CLANG_ENABLE_OBJC_ARC = YES;
				CLANG_ENABLE_OBJC_WEAK = YES;
				CLANG_WARN_BLOCK_CAPTURE_AUTORELEASING = YES;
				CLANG_WARN_BOOL_CONVERSION = YES;
				CLANG_WARN_COMMA = YES;
				CLANG_WARN_CONSTANT_CONVERSION = YES;
				CLANG_WARN_DEPRECATED_OBJC_IMPLEMENTATIONS = YES;
				CLANG_WARN_DIRECT_OBJC_ISA_USAGE = YES_ERROR;
				CLANG_WARN_DOCUMENTATION_COMMENTS = YES;
				CLANG_WARN_EMPTY_BODY = YES;
				CLANG_WARN_ENUM_CONVERSION = YES;
				CLANG_WARN_INFINITE_RECURSION = YES;
				CLANG_WARN_INT_CONVERSION = YES;
				CLANG_WARN_NON_LITERAL_NULL_CONVERSION = YES;
				CLANG_WARN_OBJC_IMPLICIT_RETAIN_SELF = YES;
				CLANG_WARN_OBJC_LITERAL_CONVERSION = YES;
				CLANG_WARN_OBJC_ROOT_CLASS = YES_ERROR;
				CLANG_WARN_QUOTED_INCLUDE_IN_FRAMEWORK_HEADER = YES;
				CLANG_WARN_RANGE_LOOP_ANALYSIS = YES;
				CLANG_WARN_STRICT_PROTOTYPES = YES;
				CLANG_WARN_SUSPICIOUS_MOVE = YES;
				CLANG_WARN_UNGUARDED_AVAILABILITY = YES_AGGRESSIVE;
				CLANG_WARN_UNREACHABLE_CODE = YES;
				CLANG_WARN__DUPLICATE_METHOD_MATCH = YES;
				COPY_PHASE_STRIP = NO;
				DEBUG_INFORMATION_FORMAT = dwarf;
				ENABLE_STRICT_OBJC_MSGSEND = YES;
				ENABLE_TESTABILITY = YES;
				ENABLE_USER_SCRIPT_SANDBOXING = YES;
				GCC_C_LANGUAGE_STANDARD = gnu17;
				GCC_DYNAMIC_NO_PIC = NO;
				GCC_NO_COMMON_BLOCKS = YES;
				GCC_OPTIMIZATION_LEVEL = 0;
				GCC_PREPROCESSOR_DEFINITIONS = (
					"DEBUG=1",
					"$(inherited)",
				);
				GCC_WARN_64_TO_32_BIT_CONVERSION = YES;
				GCC_WARN_ABOUT_RETURN_TYPE = YES_ERROR;
				GCC_WARN_UNDECLARED_SELECTOR = YES;
				GCC_WARN_UNINITIALIZED_AUTOS = YES_AGGRESSIVE;
				GCC_WARN_UNUSED_FUNCTION = YES;
				GCC_WARN_UNUSED_VARIABLE = YES;
				IPHONEOS_DEPLOYMENT_TARGET = 16.4;
				LOCALIZATION_PREFERS_STRING_CATALOGS = YES;
				MTL_ENABLE_DEBUG_INFO = INCLUDE_SOURCE;
				MTL_FAST_MATH = YES;
				ONLY_ACTIVE_ARCH = YES;
				SDKROOT = iphoneos;
				SWIFT_ACTIVE_COMPILATION_CONDITIONS = "DEBUG $(inherited)";
				SWIFT_OPTIMIZATION_LEVEL = "-Onone";
			};
			name = Debug;
		};
		580AACBA2BA566F900672050 /* Release */ = {
			isa = XCBuildConfiguration;
			buildSettings = {
				ALWAYS_SEARCH_USER_PATHS = NO;
				ASSETCATALOG_COMPILER_GENERATE_SWIFT_ASSET_SYMBOL_EXTENSIONS = YES;
				CLANG_ANALYZER_NONNULL = YES;
				CLANG_ANALYZER_NUMBER_OBJECT_CONVERSION = YES_AGGRESSIVE;
				CLANG_CXX_LANGUAGE_STANDARD = "gnu++20";
				CLANG_ENABLE_MODULES = YES;
				CLANG_ENABLE_OBJC_ARC = YES;
				CLANG_ENABLE_OBJC_WEAK = YES;
				CLANG_WARN_BLOCK_CAPTURE_AUTORELEASING = YES;
				CLANG_WARN_BOOL_CONVERSION = YES;
				CLANG_WARN_COMMA = YES;
				CLANG_WARN_CONSTANT_CONVERSION = YES;
				CLANG_WARN_DEPRECATED_OBJC_IMPLEMENTATIONS = YES;
				CLANG_WARN_DIRECT_OBJC_ISA_USAGE = YES_ERROR;
				CLANG_WARN_DOCUMENTATION_COMMENTS = YES;
				CLANG_WARN_EMPTY_BODY = YES;
				CLANG_WARN_ENUM_CONVERSION = YES;
				CLANG_WARN_INFINITE_RECURSION = YES;
				CLANG_WARN_INT_CONVERSION = YES;
				CLANG_WARN_NON_LITERAL_NULL_CONVERSION = YES;
				CLANG_WARN_OBJC_IMPLICIT_RETAIN_SELF = YES;
				CLANG_WARN_OBJC_LITERAL_CONVERSION = YES;
				CLANG_WARN_OBJC_ROOT_CLASS = YES_ERROR;
				CLANG_WARN_QUOTED_INCLUDE_IN_FRAMEWORK_HEADER = YES;
				CLANG_WARN_RANGE_LOOP_ANALYSIS = YES;
				CLANG_WARN_STRICT_PROTOTYPES = YES;
				CLANG_WARN_SUSPICIOUS_MOVE = YES;
				CLANG_WARN_UNGUARDED_AVAILABILITY = YES_AGGRESSIVE;
				CLANG_WARN_UNREACHABLE_CODE = YES;
				CLANG_WARN__DUPLICATE_METHOD_MATCH = YES;
				COPY_PHASE_STRIP = NO;
				DEBUG_INFORMATION_FORMAT = "dwarf-with-dsym";
				ENABLE_NS_ASSERTIONS = NO;
				ENABLE_STRICT_OBJC_MSGSEND = YES;
				ENABLE_USER_SCRIPT_SANDBOXING = YES;
				GCC_C_LANGUAGE_STANDARD = gnu17;
				GCC_NO_COMMON_BLOCKS = YES;
				GCC_WARN_64_TO_32_BIT_CONVERSION = YES;
				GCC_WARN_ABOUT_RETURN_TYPE = YES_ERROR;
				GCC_WARN_UNDECLARED_SELECTOR = YES;
				GCC_WARN_UNINITIALIZED_AUTOS = YES_AGGRESSIVE;
				GCC_WARN_UNUSED_FUNCTION = YES;
				GCC_WARN_UNUSED_VARIABLE = YES;
				IPHONEOS_DEPLOYMENT_TARGET = 16.4;
				LOCALIZATION_PREFERS_STRING_CATALOGS = YES;
				MTL_ENABLE_DEBUG_INFO = NO;
				MTL_FAST_MATH = YES;
				SDKROOT = iphoneos;
				SWIFT_COMPILATION_MODE = wholemodule;
				VALIDATE_PRODUCT = YES;
			};
			name = Release;
		};
		580AACBC2BA566F900672050 /* Debug */ = {
			isa = XCBuildConfiguration;
			buildSettings = {
				ASSETCATALOG_COMPILER_APPICON_NAME = AppIcon;
				ASSETCATALOG_COMPILER_GLOBAL_ACCENT_COLOR_NAME = AccentColor;
				CODE_SIGN_ENTITLEMENTS = CenApp/CenApp.entitlements;
				CODE_SIGN_STYLE = Automatic;
				CURRENT_PROJECT_VERSION = 1;
				DEVELOPMENT_TEAM = Q653PU93R6;
				GENERATE_INFOPLIST_FILE = YES;
				INFOPLIST_FILE = CenApp/Info.plist;
				INFOPLIST_KEY_CFBundleDisplayName = cen;
				INFOPLIST_KEY_UIApplicationSupportsIndirectInputEvents = YES;
				INFOPLIST_KEY_UILaunchStoryboardName = LaunchScreen;
				INFOPLIST_KEY_UISupportedInterfaceOrientations_iPad = "UIInterfaceOrientationPortrait UIInterfaceOrientationPortraitUpsideDown UIInterfaceOrientationLandscapeLeft UIInterfaceOrientationLandscapeRight";
				INFOPLIST_KEY_UISupportedInterfaceOrientations_iPhone = "UIInterfaceOrientationPortrait UIInterfaceOrientationLandscapeLeft UIInterfaceOrientationLandscapeRight";
				LD_RUNPATH_SEARCH_PATHS = (
					"$(inherited)",
					"@executable_path/Frameworks",
				);
				MARKETING_VERSION = 1.0.0;
				PRODUCT_BUNDLE_IDENTIFIER = WEDLE.CenApp;
				PRODUCT_NAME = "$(TARGET_NAME)";
				SUPPORTED_PLATFORMS = "iphoneos iphonesimulator";
				SUPPORTS_MACCATALYST = NO;
				SUPPORTS_MAC_DESIGNED_FOR_IPHONE_IPAD = NO;
				SWIFT_EMIT_LOC_STRINGS = YES;
				SWIFT_VERSION = 5.0;
				TARGETED_DEVICE_FAMILY = 1;
			};
			name = Debug;
		};
		580AACBD2BA566F900672050 /* Release */ = {
			isa = XCBuildConfiguration;
			buildSettings = {
				ASSETCATALOG_COMPILER_APPICON_NAME = AppIcon;
				ASSETCATALOG_COMPILER_GLOBAL_ACCENT_COLOR_NAME = AccentColor;
				CODE_SIGN_ENTITLEMENTS = CenApp/CenApp.entitlements;
				CODE_SIGN_STYLE = Automatic;
				CURRENT_PROJECT_VERSION = 1;
				DEVELOPMENT_TEAM = Q653PU93R6;
				GENERATE_INFOPLIST_FILE = YES;
				INFOPLIST_FILE = CenApp/Info.plist;
				INFOPLIST_KEY_CFBundleDisplayName = cen;
				INFOPLIST_KEY_UIApplicationSupportsIndirectInputEvents = YES;
				INFOPLIST_KEY_UILaunchStoryboardName = LaunchScreen;
				INFOPLIST_KEY_UISupportedInterfaceOrientations_iPad = "UIInterfaceOrientationPortrait UIInterfaceOrientationPortraitUpsideDown UIInterfaceOrientationLandscapeLeft UIInterfaceOrientationLandscapeRight";
				INFOPLIST_KEY_UISupportedInterfaceOrientations_iPhone = "UIInterfaceOrientationPortrait UIInterfaceOrientationLandscapeLeft UIInterfaceOrientationLandscapeRight";
				LD_RUNPATH_SEARCH_PATHS = (
					"$(inherited)",
					"@executable_path/Frameworks",
				);
				MARKETING_VERSION = 1.0.0;
				PRODUCT_BUNDLE_IDENTIFIER = WEDLE.CenApp;
				PRODUCT_NAME = "$(TARGET_NAME)";
				SUPPORTED_PLATFORMS = "iphoneos iphonesimulator";
				SUPPORTS_MACCATALYST = NO;
				SUPPORTS_MAC_DESIGNED_FOR_IPHONE_IPAD = NO;
				SWIFT_EMIT_LOC_STRINGS = YES;
				SWIFT_VERSION = 5.0;
				TARGETED_DEVICE_FAMILY = 1;
			};
			name = Release;
		};
		580AACBF2BA566F900672050 /* Debug */ = {
			isa = XCBuildConfiguration;
			buildSettings = {
				ALWAYS_EMBED_SWIFT_STANDARD_LIBRARIES = YES;
				BUNDLE_LOADER = "$(TEST_HOST)";
				CODE_SIGN_STYLE = Automatic;
				CURRENT_PROJECT_VERSION = 1;
				DEVELOPMENT_TEAM = G62DUX396A;
				GENERATE_INFOPLIST_FILE = YES;
				IPHONEOS_DEPLOYMENT_TARGET = 17.4;
				MARKETING_VERSION = 1.0;
				PRODUCT_BUNDLE_IDENTIFIER = com.CenAppTests;
				PRODUCT_NAME = "$(TARGET_NAME)";
				SWIFT_EMIT_LOC_STRINGS = NO;
				SWIFT_VERSION = 5.0;
				TARGETED_DEVICE_FAMILY = "1,2";
				TEST_HOST = "$(BUILT_PRODUCTS_DIR)/CenApp.app/$(BUNDLE_EXECUTABLE_FOLDER_PATH)/CenApp";
			};
			name = Debug;
		};
		580AACC02BA566F900672050 /* Release */ = {
			isa = XCBuildConfiguration;
			buildSettings = {
				ALWAYS_EMBED_SWIFT_STANDARD_LIBRARIES = YES;
				BUNDLE_LOADER = "$(TEST_HOST)";
				CODE_SIGN_STYLE = Automatic;
				CURRENT_PROJECT_VERSION = 1;
				DEVELOPMENT_TEAM = G62DUX396A;
				GENERATE_INFOPLIST_FILE = YES;
				IPHONEOS_DEPLOYMENT_TARGET = 17.4;
				MARKETING_VERSION = 1.0;
				PRODUCT_BUNDLE_IDENTIFIER = com.CenAppTests;
				PRODUCT_NAME = "$(TARGET_NAME)";
				SWIFT_EMIT_LOC_STRINGS = NO;
				SWIFT_VERSION = 5.0;
				TARGETED_DEVICE_FAMILY = "1,2";
				TEST_HOST = "$(BUILT_PRODUCTS_DIR)/CenApp.app/$(BUNDLE_EXECUTABLE_FOLDER_PATH)/CenApp";
			};
			name = Release;
		};
		580AACC22BA566F900672050 /* Debug */ = {
			isa = XCBuildConfiguration;
			buildSettings = {
				ALWAYS_EMBED_SWIFT_STANDARD_LIBRARIES = YES;
				CODE_SIGN_STYLE = Automatic;
				CURRENT_PROJECT_VERSION = 1;
				DEVELOPMENT_TEAM = G62DUX396A;
				GENERATE_INFOPLIST_FILE = YES;
				MARKETING_VERSION = 1.0;
				PRODUCT_BUNDLE_IDENTIFIER = com.CenAppUITests;
				PRODUCT_NAME = "$(TARGET_NAME)";
				SWIFT_EMIT_LOC_STRINGS = NO;
				SWIFT_VERSION = 5.0;
				TARGETED_DEVICE_FAMILY = "1,2";
				TEST_TARGET_NAME = CenApp;
			};
			name = Debug;
		};
		580AACC32BA566F900672050 /* Release */ = {
			isa = XCBuildConfiguration;
			buildSettings = {
				ALWAYS_EMBED_SWIFT_STANDARD_LIBRARIES = YES;
				CODE_SIGN_STYLE = Automatic;
				CURRENT_PROJECT_VERSION = 1;
				DEVELOPMENT_TEAM = G62DUX396A;
				GENERATE_INFOPLIST_FILE = YES;
				MARKETING_VERSION = 1.0;
				PRODUCT_BUNDLE_IDENTIFIER = com.CenAppUITests;
				PRODUCT_NAME = "$(TARGET_NAME)";
				SWIFT_EMIT_LOC_STRINGS = NO;
				SWIFT_VERSION = 5.0;
				TARGETED_DEVICE_FAMILY = "1,2";
				TEST_TARGET_NAME = CenApp;
			};
			name = Release;
		};
/* End XCBuildConfiguration section */

/* Begin XCConfigurationList section */
		580AAC8C2BA566F700672050 /* Build configuration list for PBXProject "CenApp" */ = {
			isa = XCConfigurationList;
			buildConfigurations = (
				580AACB92BA566F900672050 /* Debug */,
				580AACBA2BA566F900672050 /* Release */,
			);
			defaultConfigurationIsVisible = 0;
			defaultConfigurationName = Release;
		};
		580AACBB2BA566F900672050 /* Build configuration list for PBXNativeTarget "CenApp" */ = {
			isa = XCConfigurationList;
			buildConfigurations = (
				580AACBC2BA566F900672050 /* Debug */,
				580AACBD2BA566F900672050 /* Release */,
			);
			defaultConfigurationIsVisible = 0;
			defaultConfigurationName = Release;
		};
		580AACBE2BA566F900672050 /* Build configuration list for PBXNativeTarget "CenAppTests" */ = {
			isa = XCConfigurationList;
			buildConfigurations = (
				580AACBF2BA566F900672050 /* Debug */,
				580AACC02BA566F900672050 /* Release */,
			);
			defaultConfigurationIsVisible = 0;
			defaultConfigurationName = Release;
		};
		580AACC12BA566F900672050 /* Build configuration list for PBXNativeTarget "CenAppUITests" */ = {
			isa = XCConfigurationList;
			buildConfigurations = (
				580AACC22BA566F900672050 /* Debug */,
				580AACC32BA566F900672050 /* Release */,
			);
			defaultConfigurationIsVisible = 0;
			defaultConfigurationName = Release;
		};
/* End XCConfigurationList section */

/* Begin XCRemoteSwiftPackageReference section */
		580AACC42BA5818700672050 /* XCRemoteSwiftPackageReference "SnapKit" */ = {
			isa = XCRemoteSwiftPackageReference;
			repositoryURL = "https://github.com/SnapKit/SnapKit";
			requirement = {
				kind = upToNextMajorVersion;
				minimumVersion = 5.7.1;
			};
		};
		580AACC72BA581F400672050 /* XCRemoteSwiftPackageReference "Then" */ = {
			isa = XCRemoteSwiftPackageReference;
			repositoryURL = "https://github.com/devxoul/Then";
			requirement = {
				kind = upToNextMajorVersion;
				minimumVersion = 3.0.0;
			};
		};
		580AACCA2BA5828D00672050 /* XCRemoteSwiftPackageReference "Alamofire" */ = {
			isa = XCRemoteSwiftPackageReference;
			repositoryURL = "https://github.com/Alamofire/Alamofire";
			requirement = {
				kind = upToNextMajorVersion;
				minimumVersion = 5.9.0;
			};
		};
		580AACCD2BA582CE00672050 /* XCRemoteSwiftPackageReference "SwiftKeychainWrapper" */ = {
			isa = XCRemoteSwiftPackageReference;
			repositoryURL = "https://github.com/jrendel/SwiftKeychainWrapper";
			requirement = {
				kind = upToNextMajorVersion;
				minimumVersion = 4.0.0;
			};
		};
		580AACD02BA582FF00672050 /* XCRemoteSwiftPackageReference "Kingfisher" */ = {
			isa = XCRemoteSwiftPackageReference;
			repositoryURL = "https://github.com/onevcat/Kingfisher";
			requirement = {
				kind = upToNextMajorVersion;
				minimumVersion = 7.0.0;
			};
		};
		580AAD282BA8280600672050 /* XCRemoteSwiftPackageReference "iOSDropDown" */ = {
			isa = XCRemoteSwiftPackageReference;
			repositoryURL = "https://github.com/jriosdev/iOSDropDown";
			requirement = {
				kind = upToNextMajorVersion;
				minimumVersion = 0.4.0;
			};
		};
		E409E18F2BAAB24D0013D913 /* XCRemoteSwiftPackageReference "Charts" */ = {
			isa = XCRemoteSwiftPackageReference;
			repositoryURL = "https://github.com/danielgindi/Charts.git";
			requirement = {
				kind = upToNextMajorVersion;
				minimumVersion = 5.1.0;
			};
		};
		E409E1952BAAC3DB0013D913 /* XCRemoteSwiftPackageReference "SCLAlertView-Swift" */ = {
			isa = XCRemoteSwiftPackageReference;
			repositoryURL = "https://github.com/vikmeup/SCLAlertView-Swift.git";
			requirement = {
				kind = upToNextMajorVersion;
				minimumVersion = 0.8.2;
			};
		};
/* End XCRemoteSwiftPackageReference section */

/* Begin XCSwiftPackageProductDependency section */
		580AACC52BA5818700672050 /* SnapKit */ = {
			isa = XCSwiftPackageProductDependency;
			package = 580AACC42BA5818700672050 /* XCRemoteSwiftPackageReference "SnapKit" */;
			productName = SnapKit;
		};
		580AACC82BA581F400672050 /* Then */ = {
			isa = XCSwiftPackageProductDependency;
			package = 580AACC72BA581F400672050 /* XCRemoteSwiftPackageReference "Then" */;
			productName = Then;
		};
		580AACCB2BA5828D00672050 /* Alamofire */ = {
			isa = XCSwiftPackageProductDependency;
			package = 580AACCA2BA5828D00672050 /* XCRemoteSwiftPackageReference "Alamofire" */;
			productName = Alamofire;
		};
		580AACCE2BA582CE00672050 /* SwiftKeychainWrapper */ = {
			isa = XCSwiftPackageProductDependency;
			package = 580AACCD2BA582CE00672050 /* XCRemoteSwiftPackageReference "SwiftKeychainWrapper" */;
			productName = SwiftKeychainWrapper;
		};
		580AACD12BA582FF00672050 /* Kingfisher */ = {
			isa = XCSwiftPackageProductDependency;
			package = 580AACD02BA582FF00672050 /* XCRemoteSwiftPackageReference "Kingfisher" */;
			productName = Kingfisher;
		};
		580AAD292BA8280600672050 /* iOSDropDown */ = {
			isa = XCSwiftPackageProductDependency;
			package = 580AAD282BA8280600672050 /* XCRemoteSwiftPackageReference "iOSDropDown" */;
			productName = iOSDropDown;
		};
		E409E1902BAAB24D0013D913 /* DGCharts */ = {
			isa = XCSwiftPackageProductDependency;
			package = E409E18F2BAAB24D0013D913 /* XCRemoteSwiftPackageReference "Charts" */;
			productName = DGCharts;
		};
		E409E1962BAAC3DB0013D913 /* SCLAlertView */ = {
			isa = XCSwiftPackageProductDependency;
			package = E409E1952BAAC3DB0013D913 /* XCRemoteSwiftPackageReference "SCLAlertView-Swift" */;
			productName = SCLAlertView;
		};
/* End XCSwiftPackageProductDependency section */
	};
	rootObject = 580AAC892BA566F700672050 /* Project object */;
}
